
Microsoft Visual Studio Solution File, Format Version 12.00
# Visual Studio Version 17
VisualStudioVersion = 17.11.35312.102
MinimumVisualStudioVersion = 10.0.40219.1
Project("{FAE04EC0-301F-11D3-BF4B-00C04F79EFBC}") = "KalkylatorV2", "KalkylatorV2.csproj", "{55B57E7B-89EB-4513-995B-DBA2093C5FE0}"
EndProject
Global
	GlobalSection(SolutionConfigurationPlatforms) = preSolution
		Debug|Any CPU = Debug|Any CPU
		Release|Any CPU = Release|Any CPU
	EndGlobalSection
	GlobalSection(ProjectConfigurationPlatforms) = postSolution
		{55B57E7B-89EB-4513-995B-DBA2093C5FE0}.Debug|Any CPU.ActiveCfg = Debug|Any CPU
		{55B57E7B-89EB-4513-995B-DBA2093C5FE0}.Debug|Any CPU.Build.0 = Debug|Any CPU
		{55B57E7B-89EB-4513-995B-DBA2093C5FE0}.Release|Any CPU.ActiveCfg = Release|Any CPU
		{55B57E7B-89EB-4513-995B-DBA2093C5FE0}.Release|Any CPU.Build.0 = Release|Any CPU
	EndGlobalSection
	GlobalSection(SolutionProperties) = preSolution
		HideSolutionNode = FALSE
	EndGlobalSection
	GlobalSection(ExtensibilityGlobals) = postSolution
		SolutionGuid = {82A1011E-66B0-473E-A546-4FAB3A351E59}
	EndGlobalSection
EndGlobal
